
Microsoft Visual Studio Solution File, Format Version 12.00
# Visual Studio 14
VisualStudioVersion = 14.0.25420.1
MinimumVisualStudioVersion = 10.0.40219.1
Project("{FAE04EC0-301F-11D3-BF4B-00C04F79EFBC}") = "IEXStock", "IEXStock\IEXStock.csproj", "{37EE0FA0-0FC9-4261-81B6-278C0B1AE216}"
EndProject
Project("{FAE04EC0-301F-11D3-BF4B-00C04F79EFBC}") = "IEXPriceChart", "IEXPriceChart\IEXPriceChart.csproj", "{E6B393BC-CEEB-4F52-84F2-E5621B5D16BE}"
EndProject
Global
	GlobalSection(SolutionConfigurationPlatforms) = preSolution
		Debug|Any CPU = Debug|Any CPU
		Release|Any CPU = Release|Any CPU
	EndGlobalSection
	GlobalSection(ProjectConfigurationPlatforms) = postSolution
		{37EE0FA0-0FC9-4261-81B6-278C0B1AE216}.Debug|Any CPU.ActiveCfg = Debug|Any CPU
		{37EE0FA0-0FC9-4261-81B6-278C0B1AE216}.Debug|Any CPU.Build.0 = Debug|Any CPU
		{37EE0FA0-0FC9-4261-81B6-278C0B1AE216}.Release|Any CPU.ActiveCfg = Release|Any CPU
		{37EE0FA0-0FC9-4261-81B6-278C0B1AE216}.Release|Any CPU.Build.0 = Release|Any CPU
		{E6B393BC-CEEB-4F52-84F2-E5621B5D16BE}.Debug|Any CPU.ActiveCfg = Debug|Any CPU
		{E6B393BC-CEEB-4F52-84F2-E5621B5D16BE}.Debug|Any CPU.Build.0 = Debug|Any CPU
		{E6B393BC-CEEB-4F52-84F2-E5621B5D16BE}.Release|Any CPU.ActiveCfg = Release|Any CPU
		{E6B393BC-CEEB-4F52-84F2-E5621B5D16BE}.Release|Any CPU.Build.0 = Release|Any CPU
	EndGlobalSection
	GlobalSection(SolutionProperties) = preSolution
		HideSolutionNode = FALSE
	EndGlobalSection
EndGlobal
